
Microsoft Visual Studio Solution File, Format Version 12.00
# Visual Studio 15
VisualStudioVersion = 15.0.28307.329
MinimumVisualStudioVersion = 10.0.40219.1
Project("{FAE04EC0-301F-11D3-BF4B-00C04F79EFBC}") = "FirstItem", "FirstItem\FirstItem.csproj", "{C242278B-9D06-41A7-B45E-2787C133B1B5}"
EndProject
Project("{FAE04EC0-301F-11D3-BF4B-00C04F79EFBC}") = "SecondItem", "SecondItem\SecondItem.csproj", "{9A0A11FC-6F35-4EF7-9012-3FF8B93309E1}"
EndProject
Global
	GlobalSection(SolutionConfigurationPlatforms) = preSolution
		Debug|Any CPU = Debug|Any CPU
		Release|Any CPU = Release|Any CPU
	EndGlobalSection
	GlobalSection(ProjectConfigurationPlatforms) = postSolution
		{C242278B-9D06-41A7-B45E-2787C133B1B5}.Debug|Any CPU.ActiveCfg = Debug|Any CPU
		{C242278B-9D06-41A7-B45E-2787C133B1B5}.Debug|Any CPU.Build.0 = Debug|Any CPU
		{C242278B-9D06-41A7-B45E-2787C133B1B5}.Release|Any CPU.ActiveCfg = Release|Any CPU
		{C242278B-9D06-41A7-B45E-2787C133B1B5}.Release|Any CPU.Build.0 = Release|Any CPU
		{9A0A11FC-6F35-4EF7-9012-3FF8B93309E1}.Debug|Any CPU.ActiveCfg = Debug|Any CPU
		{9A0A11FC-6F35-4EF7-9012-3FF8B93309E1}.Debug|Any CPU.Build.0 = Debug|Any CPU
		{9A0A11FC-6F35-4EF7-9012-3FF8B93309E1}.Release|Any CPU.ActiveCfg = Release|Any CPU
		{9A0A11FC-6F35-4EF7-9012-3FF8B93309E1}.Release|Any CPU.Build.0 = Release|Any CPU
	EndGlobalSection
	GlobalSection(SolutionProperties) = preSolution
		HideSolutionNode = FALSE
	EndGlobalSection
	GlobalSection(ExtensibilityGlobals) = postSolution
		SolutionGuid = {C33C8713-85BC-4110-844E-56489EE097DA}
	EndGlobalSection
EndGlobal
